
Microsoft Visual Studio Solution File, Format Version 12.00
# Visual Studio Version 17
VisualStudioVersion = 17.0.32126.317
MinimumVisualStudioVersion = 10.0.40219.1
Project("{9A19103F-16F7-4668-BE54-9A1E7A4F7556}") = "AzureStorageLibrary", "AzureStorageLibrary\AzureStorageLibrary.csproj", "{6BEEE6AD-FED3-47D2-AE4F-6CF08C25B6F0}"
EndProject
Project("{9A19103F-16F7-4668-BE54-9A1E7A4F7556}") = "MvcWebApp", "MvcWebApp\MvcWebApp.csproj", "{7C344562-4D0C-4C5D-9F42-4367C325D5F1}"
EndProject
Project("{9A19103F-16F7-4668-BE54-9A1E7A4F7556}") = "QueueConsoleApp", "QueueConsoleApp\QueueConsoleApp.csproj", "{AF2F01FF-B42F-44B7-9B5D-2903377823E7}"
EndProject
Project("{FAE04EC0-301F-11D3-BF4B-00C04F79EFBC}") = "WatermarkProcessingFunction", "WatermarkProcessingFunction\WatermarkProcessingFunction.csproj", "{E4A4AA2B-C46F-48A7-B5A5-8E40150EAD76}"
EndProject
Global
	GlobalSection(SolutionConfigurationPlatforms) = preSolution
		Debug|Any CPU = Debug|Any CPU
		Release|Any CPU = Release|Any CPU
	EndGlobalSection
	GlobalSection(ProjectConfigurationPlatforms) = postSolution
		{6BEEE6AD-FED3-47D2-AE4F-6CF08C25B6F0}.Debug|Any CPU.ActiveCfg = Debug|Any CPU
		{6BEEE6AD-FED3-47D2-AE4F-6CF08C25B6F0}.Debug|Any CPU.Build.0 = Debug|Any CPU
		{6BEEE6AD-FED3-47D2-AE4F-6CF08C25B6F0}.Release|Any CPU.ActiveCfg = Release|Any CPU
		{6BEEE6AD-FED3-47D2-AE4F-6CF08C25B6F0}.Release|Any CPU.Build.0 = Release|Any CPU
		{7C344562-4D0C-4C5D-9F42-4367C325D5F1}.Debug|Any CPU.ActiveCfg = Debug|Any CPU
		{7C344562-4D0C-4C5D-9F42-4367C325D5F1}.Debug|Any CPU.Build.0 = Debug|Any CPU
		{7C344562-4D0C-4C5D-9F42-4367C325D5F1}.Release|Any CPU.ActiveCfg = Release|Any CPU
		{7C344562-4D0C-4C5D-9F42-4367C325D5F1}.Release|Any CPU.Build.0 = Release|Any CPU
		{AF2F01FF-B42F-44B7-9B5D-2903377823E7}.Debug|Any CPU.ActiveCfg = Debug|Any CPU
		{AF2F01FF-B42F-44B7-9B5D-2903377823E7}.Debug|Any CPU.Build.0 = Debug|Any CPU
		{AF2F01FF-B42F-44B7-9B5D-2903377823E7}.Release|Any CPU.ActiveCfg = Release|Any CPU
		{AF2F01FF-B42F-44B7-9B5D-2903377823E7}.Release|Any CPU.Build.0 = Release|Any CPU
		{E4A4AA2B-C46F-48A7-B5A5-8E40150EAD76}.Debug|Any CPU.ActiveCfg = Debug|Any CPU
		{E4A4AA2B-C46F-48A7-B5A5-8E40150EAD76}.Debug|Any CPU.Build.0 = Debug|Any CPU
		{E4A4AA2B-C46F-48A7-B5A5-8E40150EAD76}.Release|Any CPU.ActiveCfg = Release|Any CPU
		{E4A4AA2B-C46F-48A7-B5A5-8E40150EAD76}.Release|Any CPU.Build.0 = Release|Any CPU
	EndGlobalSection
	GlobalSection(SolutionProperties) = preSolution
		HideSolutionNode = FALSE
	EndGlobalSection
	GlobalSection(ExtensibilityGlobals) = postSolution
		SolutionGuid = {DED3A1C7-EE9D-4945-BD6C-A8E996CA9674}
	EndGlobalSection
EndGlobal
